{
  "name": "psd.js-parser",
  "version": "1.0.0",
  "lockfileVersion": 3,
  "requires": true,
  "packages": {
    "": {
      "name": "psd.js-parser",
      "version": "1.0.0",
      "license": "ISC",
      "devDependencies": {
        "psd": "^3.4.0"
      }
    },
    "node_modules/coffee-script": {
      "version": "1.7.1",
      "resolved": "https://registry.npmjs.org/coffee-script/-/coffee-script-1.7.1.tgz",
      "integrity": "sha512-W3s+SROY73OmrSGtPTTW/2wp2rmW5vuh0/tUuCK1NvTuyzLOVPccIP9whmhZ4cYWcr2NJPNENZIFaAMkTD5G3w==",
      "deprecated": "CoffeeScript on NPM has moved to \"coffeescript\" (no hyphen)",
      "dev": true,
      "dependencies": {
        "mkdirp": "~0.3.5"
      },
      "bin": {
        "cake": "bin/cake",
        "coffee": "bin/coffee"
      },
      "engines": {
        "node": ">=0.8.0"
      }
    },
    "node_modules/coffeescript-module": {
      "version": "0.2.1",
      "resolved": "https://registry.npmjs.org/coffeescript-module/-/coffeescript-module-0.2.1.tgz",
      "integrity": "sha512-xVLuaDltmc5OnwvGd7/82U/kwQ0me09b66Ywg/N/KynmE41XTWbsl2+dCySOs3ixnjsy5xXOdM5BjIpjNUAQSg==",
      "dev": true
    },
    "node_modules/iconv-lite": {
      "version": "0.4.24",
      "resolved": "https://registry.npmjs.org/iconv-lite/-/iconv-lite-0.4.24.tgz",
      "integrity": "sha512-v3MXnZAcvnywkTUEZomIActle7RXXeedOR31wwl7VlyoXO4Qi9arvSenNQWne1TcRwhCL1HwLI21bEqdpj8/rA==",
      "dev": true,
      "dependencies": {
        "safer-buffer": ">= 2.1.2 < 3"
      },
      "engines": {
        "node": ">=0.10.0"
      }
    },
    "node_modules/jspack": {
      "version": "0.0.4",
      "resolved": "https://registry.npmjs.org/jspack/-/jspack-0.0.4.tgz",
      "integrity": "sha512-DC/lSTXYDDdYWzyY/9A1kMzp6Ov9mCRhZQ1cGg4te2w3y4/aKZTSspvbYN4LUsvSzMCb/H8z4TV9mYYW/bs3PQ==",
      "dev": true
    },
    "node_modules/lodash": {
      "version": "4.17.21",
      "resolved": "https://registry.npmjs.org/lodash/-/lodash-4.17.21.tgz",
      "integrity": "sha512-v2kDEe57lecTulaDIuNTPy3Ry4gLGJ6Z1O3vE1krgXZNrsQ+LFTGHVxVjcXPs17LhbZVGedAJv8XZ1tvj5FvSg==",
      "dev": true
    },
    "node_modules/mkdirp": {
      "version": "0.3.5",
      "resolved": "https://registry.npmjs.org/mkdirp/-/mkdirp-0.3.5.tgz",
      "integrity": "sha512-8OCq0De/h9ZxseqzCH8Kw/Filf5pF/vMI6+BH7Lu0jXz2pqYCjTAQRolSxRIi+Ax+oCCjlxoJMP0YQ4XlrQNHg==",
      "deprecated": "Legacy versions of mkdirp are no longer supported. Please update to mkdirp 1.x. (Note that the API surface has changed to use Promises in 1.x.)",
      "dev": true
    },
    "node_modules/parse-engine-data": {
      "version": "0.1.2",
      "resolved": "https://registry.npmjs.org/parse-engine-data/-/parse-engine-data-0.1.2.tgz",
      "integrity": "sha512-V3SuNul7Rd+8g2XDykqz1X/OJYD+VWmueHPza3fvEXdXbUqm6ohny0d7u5U8xcBrwkr7VpJc4FncP2vSpNt5vg==",
      "dev": true,
      "dependencies": {
        "iconv-lite": "^0.4.4"
      }
    },
    "node_modules/pngjs": {
      "version": "3.2.0",
      "resolved": "https://registry.npmjs.org/pngjs/-/pngjs-3.2.0.tgz",
      "integrity": "sha512-MCRe3RYxSIqrYgJjgo0DrYcsgN8oaMvR6RmBGo75rZQnQIYLisvvcP7eESsWHY9b7TcZPc9jtOWWwDrCQ6xc2A==",
      "dev": true,
      "engines": {
        "node": ">=4.0.0"
      }
    },
    "node_modules/psd": {
      "version": "3.4.0",
      "resolved": "https://registry.npmjs.org/psd/-/psd-3.4.0.tgz",
      "integrity": "sha512-LCPskSzQopgwOgFFaYbKgEzm8yOid0cT/GoA46yCnP1ZYTdmkm6cSQNa3x/3GcDX9IUatV+gRrf6RHskLGAdHQ==",
      "dev": true,
      "dependencies": {
        "coffee-script": "~ 1.7.1",
        "coffeescript-module": "~ 0.2.1",
        "iconv-lite": "~ 0.4.4",
        "jspack": "~ 0.0.3",
        "lodash": "~4.17.21",
        "parse-engine-data": "~ 0.1",
        "pngjs": "3.2.0",
        "rsvp": "~ 3.0.6"
      }
    },
    "node_modules/rsvp": {
      "version": "3.0.21",
      "resolved": "https://registry.npmjs.org/rsvp/-/rsvp-3.0.21.tgz",
      "integrity": "sha512-D+v2iA91GqQ2C6E5StYdg1EN/FCFR27/3MoTa3A/yF2xwzU95o85MTgzReYhl82YnLK0eZwRHvyVEWeXjqbydQ==",
      "dev": true
    },
    "node_modules/safer-buffer": {
      "version": "2.1.2",
      "resolved": "https://registry.npmjs.org/safer-buffer/-/safer-buffer-2.1.2.tgz",
      "integrity": "sha512-YZo3K82SD7Riyi0E1EQPojLz7kpepnSQI9IyPbHHg1XXXevb5dJI7tpyN2ADxGcQbHG7vcyRHk0cbwqcQriUtg==",
      "dev": true
    }
  }
}
